
Microsoft Visual Studio Solution File, Format Version 12.00
# Visual Studio Version 16
VisualStudioVersion = 16.0.32228.343
MinimumVisualStudioVersion = 10.0.40219.1
Project("{FAE04EC0-301F-11D3-BF4B-00C04F79EFBC}") = "Interface19.4.2022", "Interface19.4.2022.csproj", "{ECB25155-AC69-4936-8D54-EEA34AA3F430}"
EndProject
Global
	GlobalSection(SolutionConfigurationPlatforms) = preSolution
		Debug|Any CPU = Debug|Any CPU
		Release|Any CPU = Release|Any CPU
	EndGlobalSection
	GlobalSection(ProjectConfigurationPlatforms) = postSolution
		{ECB25155-AC69-4936-8D54-EEA34AA3F430}.Debug|Any CPU.ActiveCfg = Debug|Any CPU
		{ECB25155-AC69-4936-8D54-EEA34AA3F430}.Debug|Any CPU.Build.0 = Debug|Any CPU
		{ECB25155-AC69-4936-8D54-EEA34AA3F430}.Release|Any CPU.ActiveCfg = Release|Any CPU
		{ECB25155-AC69-4936-8D54-EEA34AA3F430}.Release|Any CPU.Build.0 = Release|Any CPU
	EndGlobalSection
	GlobalSection(SolutionProperties) = preSolution
		HideSolutionNode = FALSE
	EndGlobalSection
	GlobalSection(ExtensibilityGlobals) = postSolution
		SolutionGuid = {7B96E806-466B-4B9C-8B8B-8BA8CD5474DB}
	EndGlobalSection
EndGlobal
